
Microsoft Visual Studio Solution File, Format Version 12.00
# Visual Studio Version 16
VisualStudioVersion = 16.0.30717.126
MinimumVisualStudioVersion = 10.0.40219.1
Project("{FAE04EC0-301F-11D3-BF4B-00C04F79EFBC}") = "ImageProcessingLibrary", "ImageProcessingLibrary.csproj", "{4D4807FF-8205-4BD0-9B78-6D25AB458DB4}"
EndProject
Global
	GlobalSection(SolutionConfigurationPlatforms) = preSolution
		Debug|Any CPU = Debug|Any CPU
		Release|Any CPU = Release|Any CPU
	EndGlobalSection
	GlobalSection(ProjectConfigurationPlatforms) = postSolution
		{4D4807FF-8205-4BD0-9B78-6D25AB458DB4}.Debug|Any CPU.ActiveCfg = Debug|Any CPU
		{4D4807FF-8205-4BD0-9B78-6D25AB458DB4}.Debug|Any CPU.Build.0 = Debug|Any CPU
		{4D4807FF-8205-4BD0-9B78-6D25AB458DB4}.Release|Any CPU.ActiveCfg = Release|Any CPU
		{4D4807FF-8205-4BD0-9B78-6D25AB458DB4}.Release|Any CPU.Build.0 = Release|Any CPU
	EndGlobalSection
	GlobalSection(SolutionProperties) = preSolution
		HideSolutionNode = FALSE
	EndGlobalSection
	GlobalSection(ExtensibilityGlobals) = postSolution
		SolutionGuid = {E34F679B-F762-47D8-A138-F9387098CFC6}
	EndGlobalSection
EndGlobal
